// !$*UTF8*$!
{
	archiveVersion = 1;
	classes = {
	};
	objectVersion = 46;
	objects = {

/* Begin PBXBuildFile section */
		2C64A1CE1EFB67D400DEF20D /* main.m in Sources */ = {isa = PBXBuildFile; fileRef = 2C64A1CD1EFB67D400DEF20D /* main.m */; };
		2C64A1D11EFB67D400DEF20D /* AppDelegate.m in Sources */ = {isa = PBXBuildFile; fileRef = 2C64A1D01EFB67D400DEF20D /* AppDelegate.m */; };
		2C64A1D41EFB67D400DEF20D /* ViewController.m in Sources */ = {isa = PBXBuildFile; fileRef = 2C64A1D31EFB67D400DEF20D /* ViewController.m */; };
		2C64A1D71EFB67D400DEF20D /* Main.storyboard in Resources */ = {isa = PBXBuildFile; fileRef = 2C64A1D51EFB67D400DEF20D /* Main.storyboard */; };
		2C64A1D91EFB67D400DEF20D /* Assets.xcassets in Resources */ = {isa = PBXBuildFile; fileRef = 2C64A1D81EFB67D400DEF20D /* Assets.xcassets */; };
		2C64A1DC1EFB67D400DEF20D /* LaunchScreen.storyboard in Resources */ = {isa = PBXBuildFile; fileRef = 2C64A1DA1EFB67D400DEF20D /* LaunchScreen.storyboard */; };
		2C64A1E71EFB67D400DEF20D /* CCTextViewTests.m in Sources */ = {isa = PBXBuildFile; fileRef = 2C64A1E61EFB67D400DEF20D /* CCTextViewTests.m */; };
		2C64A1F21EFB67D400DEF20D /* CCTextViewUITests.m in Sources */ = {isa = PBXBuildFile; fileRef = 2C64A1F11EFB67D400DEF20D /* CCTextViewUITests.m */; };
		2C64A2021EFB683300DEF20D /* CCTextView.m in Sources */ = {isa = PBXBuildFile; fileRef = 2C64A2011EFB683300DEF20D /* CCTextView.m */; };
/* End PBXBuildFile section */

/* Begin PBXContainerItemProxy section */
		2C64A1E31EFB67D400DEF20D /* PBXContainerItemProxy */ = {
			isa = PBXContainerItemProxy;
			containerPortal = 2C64A1C11EFB67D400DEF20D /* Project object */;
			proxyType = 1;
			remoteGlobalIDString = 2C64A1C81EFB67D400DEF20D;
			remoteInfo = CCTextView;
		};
		2C64A1EE1EFB67D400DEF20D /* PBXContainerItemProxy */ = {
			isa = PBXContainerItemProxy;
			containerPortal = 2C64A1C11EFB67D400DEF20D /* Project object */;
			proxyType = 1;
			remoteGlobalIDString = 2C64A1C81EFB67D400DEF20D;
			remoteInfo = CCTextView;
		};
/* End PBXContainerItemProxy section */

/* Begin PBXFileReference section */
		2C64A1C91EFB67D400DEF20D /* CCTextView.app */ = {isa = PBXFileReference; explicitFileType = wrapper.application; includeInIndex = 0; path = CCTextView.app; sourceTree = BUILT_PRODUCTS_DIR; };
		2C64A1CD1EFB67D400DEF20D /* main.m */ = {isa = PBXFileReference; lastKnownFileType = sourcecode.c.objc; path = main.m; sourceTree = "<group>"; };
		2C64A1CF1EFB67D400DEF20D /* AppDelegate.h */ = {isa = PBXFileReference; lastKnownFileType = sourcecode.c.h; path = AppDelegate.h; sourceTree = "<group>"; };
		2C64A1D01EFB67D400DEF20D /* AppDelegate.m */ = {isa = PBXFileReference; lastKnownFileType = sourcecode.c.objc; path = AppDelegate.m; sourceTree = "<group>"; };
		2C64A1D21EFB67D400DEF20D /* ViewController.h */ = {isa = PBXFileReference; lastKnownFileType = sourcecode.c.h; path = ViewController.h; sourceTree = "<group>"; };
		2C64A1D31EFB67D400DEF20D /* ViewController.m */ = {isa = PBXFileReference; lastKnownFileType = sourcecode.c.objc; path = ViewController.m; sourceTree = "<group>"; };
		2C64A1D61EFB67D400DEF20D /* Base */ = {isa = PBXFileReference; lastKnownFileType = file.storyboard; name = Base; path = Base.lproj/Main.storyboard; sourceTree = "<group>"; };
		2C64A1D81EFB67D400DEF20D /* Assets.xcassets */ = {isa = PBXFileReference; lastKnownFileType = folder.assetcatalog; path = Assets.xcassets; sourceTree = "<group>"; };
		2C64A1DB1EFB67D400DEF20D /* Base */ = {isa = PBXFileReference; lastKnownFileType = file.storyboard; name = Base; path = Base.lproj/LaunchScreen.storyboard; sourceTree = "<group>"; };
		2C64A1DD1EFB67D400DEF20D /* Info.plist */ = {isa = PBXFileReference; lastKnownFileType = text.plist.xml; path = Info.plist; sourceTree = "<group>"; };
		2C64A1E21EFB67D400DEF20D /* CCTextViewTests.xctest */ = {isa = PBXFileReference; explicitFileType = wrapper.cfbundle; includeInIndex = 0; path = CCTextViewTests.xctest; sourceTree = BUILT_PRODUCTS_DIR; };
		2C64A1E61EFB67D400DEF20D /* CCTextViewTests.m */ = {isa = PBXFileReference; lastKnownFileType = sourcecode.c.objc; path = CCTextViewTests.m; sourceTree = "<group>"; };
		2C64A1E81EFB67D400DEF20D /* Info.plist */ = {isa = PBXFileReference; lastKnownFileType = text.plist.xml; path = Info.plist; sourceTree = "<group>"; };
		2C64A1ED1EFB67D400DEF20D /* CCTextViewUITests.xctest */ = {isa = PBXFileReference; explicitFileType = wrapper.cfbundle; includeInIndex = 0; path = CCTextViewUITests.xctest; sourceTree = BUILT_PRODUCTS_DIR; };
		2C64A1F11EFB67D400DEF20D /* CCTextViewUITests.m */ = {isa = PBXFileReference; lastKnownFileType = sourcecode.c.objc; path = CCTextViewUITests.m; sourceTree = "<group>"; };
		2C64A1F31EFB67D400DEF20D /* Info.plist */ = {isa = PBXFileReference; lastKnownFileType = text.plist.xml; path = Info.plist; sourceTree = "<group>"; };
		2C64A2001EFB683300DEF20D /* CCTextView.h */ = {isa = PBXFileReference; fileEncoding = 4; lastKnownFileType = sourcecode.c.h; path = CCTextView.h; sourceTree = "<group>"; };
		2C64A2011EFB683300DEF20D /* CCTextView.m */ = {isa = PBXFileReference; fileEncoding = 4; lastKnownFileType = sourcecode.c.objc; path = CCTextView.m; sourceTree = "<group>"; };
/* End PBXFileReference section */

/* Begin PBXFrameworksBuildPhase section */
		2C64A1C61EFB67D400DEF20D /* Frameworks */ = {
			isa = PBXFrameworksBuildPhase;
			buildActionMask = 2147483647;
			files = (
			);
			runOnlyForDeploymentPostprocessing = 0;
		};
		2C64A1DF1EFB67D400DEF20D /* Frameworks */ = {
			isa = PBXFrameworksBuildPhase;
			buildActionMask = 2147483647;
			files = (
			);
			runOnlyForDeploymentPostprocessing = 0;
		};
		2C64A1EA1EFB67D400DEF20D /* Frameworks */ = {
			isa = PBXFrameworksBuildPhase;
			buildActionMask = 2147483647;
			files = (
			);
			runOnlyForDeploymentPostprocessing = 0;
		};
/* End PBXFrameworksBuildPhase section */

/* Begin PBXGroup section */
		2C64A1C01EFB67D400DEF20D = {
			isa = PBXGroup;
			children = (
				2C64A1CB1EFB67D400DEF20D /* CCTextView */,
				2C64A1E51EFB67D400DEF20D /* CCTextViewTests */,
				2C64A1F01EFB67D400DEF20D /* CCTextViewUITests */,
				2C64A1CA1EFB67D400DEF20D /* Products */,
			);
			sourceTree = "<group>";
		};
		2C64A1CA1EFB67D400DEF20D /* Products */ = {
			isa = PBXGroup;
			children = (
				2C64A1C91EFB67D400DEF20D /* CCTextView.app */,
				2C64A1E21EFB67D400DEF20D /* CCTextViewTests.xctest */,
				2C64A1ED1EFB67D400DEF20D /* CCTextViewUITests.xctest */,
			);
			name = Products;
			sourceTree = "<group>";
		};
		2C64A1CB1EFB67D400DEF20D /* CCTextView */ = {
			isa = PBXGroup;
			children = (
				2C64A1CF1EFB67D400DEF20D /* AppDelegate.h */,
				2C64A1D01EFB67D400DEF20D /* AppDelegate.m */,
				2C64A1D21EFB67D400DEF20D /* ViewController.h */,
				2C64A1D31EFB67D400DEF20D /* ViewController.m */,
				2C64A1D51EFB67D400DEF20D /* Main.storyboard */,
				2C64A1D81EFB67D400DEF20D /* Assets.xcassets */,
				2C64A1DA1EFB67D400DEF20D /* LaunchScreen.storyboard */,
				2C64A1DD1EFB67D400DEF20D /* Info.plist */,
				2C64A1FF1EFB67FE00DEF20D /* CCTextView */,
				2C64A1CC1EFB67D400DEF20D /* Supporting Files */,
			);
			path = CCTextView;
			sourceTree = "<group>";
		};
		2C64A1CC1EFB67D400DEF20D /* Supporting Files */ = {
			isa = PBXGroup;
			children = (
				2C64A1CD1EFB67D400DEF20D /* main.m */,
			);
			name = "Supporting Files";
			sourceTree = "<group>";
		};
		2C64A1E51EFB67D400DEF20D /* CCTextViewTests */ = {
			isa = PBXGroup;
			children = (
				2C64A1E61EFB67D400DEF20D /* CCTextViewTests.m */,
				2C64A1E81EFB67D400DEF20D /* Info.plist */,
			);
			path = CCTextViewTests;
			sourceTree = "<group>";
		};
		2C64A1F01EFB67D400DEF20D /* CCTextViewUITests */ = {
			isa = PBXGroup;
			children = (
				2C64A1F11EFB67D400DEF20D /* CCTextViewUITests.m */,
				2C64A1F31EFB67D400DEF20D /* Info.plist */,
			);
			path = CCTextViewUITests;
			sourceTree = "<group>";
		};
		2C64A1FF1EFB67FE00DEF20D /* CCTextView */ = {
			isa = PBXGroup;
			children = (
				2C64A2001EFB683300DEF20D /* CCTextView.h */,
				2C64A2011EFB683300DEF20D /* CCTextView.m */,
			);
			path = CCTextView;
			sourceTree = "<group>";
		};
/* End PBXGroup section */

/* Begin PBXNativeTarget section */
		2C64A1C81EFB67D400DEF20D /* CCTextView */ = {
			isa = PBXNativeTarget;
			buildConfigurationList = 2C64A1F61EFB67D400DEF20D /* Build configuration list for PBXNativeTarget "CCTextView" */;
			buildPhases = (
				2C64A1C51EFB67D400DEF20D /* Sources */,
				2C64A1C61EFB67D400DEF20D /* Frameworks */,
				2C64A1C71EFB67D400DEF20D /* Resources */,
			);
			buildRules = (
			);
			dependencies = (
			);
			name = CCTextView;
			productName = CCTextView;
			productReference = 2C64A1C91EFB67D400DEF20D /* CCTextView.app */;
			productType = "com.apple.product-type.application";
		};
		2C64A1E11EFB67D400DEF20D /* CCTextViewTests */ = {
			isa = PBXNativeTarget;
			buildConfigurationList = 2C64A1F91EFB67D400DEF20D /* Build configuration list for PBXNativeTarget "CCTextViewTests" */;
			buildPhases = (
				2C64A1DE1EFB67D400DEF20D /* Sources */,
				2C64A1DF1EFB67D400DEF20D /* Frameworks */,
				2C64A1E01EFB67D400DEF20D /* Resources */,
			);
			buildRules = (
			);
			dependencies = (
				2C64A1E41EFB67D400DEF20D /* PBXTargetDependency */,
			);
			name = CCTextViewTests;
			productName = CCTextViewTests;
			productReference = 2C64A1E21EFB67D400DEF20D /* CCTextViewTests.xctest */;
			productType = "com.apple.product-type.bundle.unit-test";
		};
		2C64A1EC1EFB67D400DEF20D /* CCTextViewUITests */ = {
			isa = PBXNativeTarget;
			buildConfigurationList = 2C64A1FC1EFB67D400DEF20D /* Build configuration list for PBXNativeTarget "CCTextViewUITests" */;
			buildPhases = (
				2C64A1E91EFB67D400DEF20D /* Sources */,
				2C64A1EA1EFB67D400DEF20D /* Frameworks */,
				2C64A1EB1EFB67D400DEF20D /* Resources */,
			);
			buildRules = (
			);
			dependencies = (
				2C64A1EF1EFB67D400DEF20D /* PBXTargetDependency */,
			);
			name = CCTextViewUITests;
			productName = CCTextViewUITests;
			productReference = 2C64A1ED1EFB67D400DEF20D /* CCTextViewUITests.xctest */;
			productType = "com.apple.product-type.bundle.ui-testing";
		};
/* End PBXNativeTarget section */

/* Begin PBXProject section */
		2C64A1C11EFB67D400DEF20D /* Project object */ = {
			isa = PBXProject;
			attributes = {
				LastUpgradeCheck = 0830;
				ORGANIZATIONNAME = Halo;
				TargetAttributes = {
					2C64A1C81EFB67D400DEF20D = {
						CreatedOnToolsVersion = 8.3.3;
						ProvisioningStyle = Automatic;
					};
					2C64A1E11EFB67D400DEF20D = {
						CreatedOnToolsVersion = 8.3.3;
						ProvisioningStyle = Automatic;
						TestTargetID = 2C64A1C81EFB67D400DEF20D;
					};
					2C64A1EC1EFB67D400DEF20D = {
						CreatedOnToolsVersion = 8.3.3;
						ProvisioningStyle = Automatic;
						TestTargetID = 2C64A1C81EFB67D400DEF20D;
					};
				};
			};
			buildConfigurationList = 2C64A1C41EFB67D400DEF20D /* Build configuration list for PBXProject "CCTextView" */;
			compatibilityVersion = "Xcode 3.2";
			developmentRegion = English;
			hasScannedForEncodings = 0;
			knownRegions = (
				en,
				Base,
			);
			mainGroup = 2C64A1C01EFB67D400DEF20D;
			productRefGroup = 2C64A1CA1EFB67D400DEF20D /* Products */;
			projectDirPath = "";
			projectRoot = "";
			targets = (
				2C64A1C81EFB67D400DEF20D /* CCTextView */,
				2C64A1E11EFB67D400DEF20D /* CCTextViewTests */,
				2C64A1EC1EFB67D400DEF20D /* CCTextViewUITests */,
			);
		};
/* End PBXProject section */

/* Begin PBXResourcesBuildPhase section */
		2C64A1C71EFB67D400DEF20D /* Resources */ = {
			isa = PBXResourcesBuildPhase;
			buildActionMask = 2147483647;
			files = (
				2C64A1DC1EFB67D400DEF20D /* LaunchScreen.storyboard in Resources */,
				2C64A1D91EFB67D400DEF20D /* Assets.xcassets in Resources */,
				2C64A1D71EFB67D400DEF20D /* Main.storyboard in Resources */,
			);
			runOnlyForDeploymentPostprocessing = 0;
		};
		2C64A1E01EFB67D400DEF20D /* Resources */ = {
			isa = PBXResourcesBuildPhase;
			buildActionMask = 2147483647;
			files = (
			);
			runOnlyForDeploymentPostprocessing = 0;
		};
		2C64A1EB1EFB67D400DEF20D /* Resources */ = {
			isa = PBXResourcesBuildPhase;
			buildActionMask = 2147483647;
			files = (
			);
			runOnlyForDeploymentPostprocessing = 0;
		};
/* End PBXResourcesBuildPhase section */

/* Begin PBXSourcesBuildPhase section */
		2C64A1C51EFB67D400DEF20D /* Sources */ = {
			isa = PBXSourcesBuildPhase;
			buildActionMask = 2147483647;
			files = (
				2C64A1D41EFB67D400DEF20D /* ViewController.m in Sources */,
				2C64A2021EFB683300DEF20D /* CCTextView.m in Sources */,
				2C64A1D11EFB67D400DEF20D /* AppDelegate.m in Sources */,
				2C64A1CE1EFB67D400DEF20D /* main.m in Sources */,
			);
			runOnlyForDeploymentPostprocessing = 0;
		};
		2C64A1DE1EFB67D400DEF20D /* Sources */ = {
			isa = PBXSourcesBuildPhase;
			buildActionMask = 2147483647;
			files = (
				2C64A1E71EFB67D400DEF20D /* CCTextViewTests.m in Sources */,
			);
			runOnlyForDeploymentPostprocessing = 0;
		};
		2C64A1E91EFB67D400DEF20D /* Sources */ = {
			isa = PBXSourcesBuildPhase;
			buildActionMask = 2147483647;
			files = (
				2C64A1F21EFB67D400DEF20D /* CCTextViewUITests.m in Sources */,
			);
			runOnlyForDeploymentPostprocessing = 0;
		};
/* End PBXSourcesBuildPhase section */

/* Begin PBXTargetDependency section */
		2C64A1E41EFB67D400DEF20D /* PBXTargetDependency */ = {
			isa = PBXTargetDependency;
			target = 2C64A1C81EFB67D400DEF20D /* CCTextView */;
			targetProxy = 2C64A1E31EFB67D400DEF20D /* PBXContainerItemProxy */;
		};
		2C64A1EF1EFB67D400DEF20D /* PBXTargetDependency */ = {
			isa = PBXTargetDependency;
			target = 2C64A1C81EFB67D400DEF20D /* CCTextView */;
			targetProxy = 2C64A1EE1EFB67D400DEF20D /* PBXContainerItemProxy */;
		};
/* End PBXTargetDependency section */

/* Begin PBXVariantGroup section */
		2C64A1D51EFB67D400DEF20D /* Main.storyboard */ = {
			isa = PBXVariantGroup;
			children = (
				2C64A1D61EFB67D400DEF20D /* Base */,
			);
			name = Main.storyboard;
			sourceTree = "<group>";
		};
		2C64A1DA1EFB67D400DEF20D /* LaunchScreen.storyboard */ = {
			isa = PBXVariantGroup;
			children = (
				2C64A1DB1EFB67D400DEF20D /* Base */,
			);
			name = LaunchScreen.storyboard;
			sourceTree = "<group>";
		};
/* End PBXVariantGroup section */

/* Begin XCBuildConfiguration section */
		2C64A1F41EFB67D400DEF20D /* Debug */ = {
			isa = XCBuildConfiguration;
			buildSettings = {
				ALWAYS_SEARCH_USER_PATHS = NO;
				CLANG_ANALYZER_NONNULL = YES;
				CLANG_ANALYZER_NUMBER_OBJECT_CONVERSION = YES_AGGRESSIVE;
				CLANG_CXX_LANGUAGE_STANDARD = "gnu++0x";
				CLANG_CXX_LIBRARY = "libc++";
				CLANG_ENABLE_MODULES = YES;
				CLANG_ENABLE_OBJC_ARC = YES;
				CLANG_WARN_BOOL_CONVERSION = YES;
				CLANG_WARN_CONSTANT_CONVERSION = YES;
				CLANG_WARN_DIRECT_OBJC_ISA_USAGE = YES_ERROR;
				CLANG_WARN_DOCUMENTATION_COMMENTS = YES;
				CLANG_WARN_EMPTY_BODY = YES;
				CLANG_WARN_ENUM_CONVERSION = YES;
				CLANG_WARN_INFINITE_RECURSION = YES;
				CLANG_WARN_INT_CONVERSION = YES;
				CLANG_WARN_OBJC_ROOT_CLASS = YES_ERROR;
				CLANG_WARN_SUSPICIOUS_MOVE = YES;
				CLANG_WARN_UNREACHABLE_CODE = YES;
				CLANG_WARN__DUPLICATE_METHOD_MATCH = YES;
				"CODE_SIGN_IDENTITY[sdk=iphoneos*]" = "iPhone Developer";
				COPY_PHASE_STRIP = NO;
				DEBUG_INFORMATION_FORMAT = dwarf;
				ENABLE_STRICT_OBJC_MSGSEND = YES;
				ENABLE_TESTABILITY = YES;
				GCC_C_LANGUAGE_STANDARD = gnu99;
				GCC_DYNAMIC_NO_PIC = NO;
				GCC_NO_COMMON_BLOCKS = YES;
				GCC_OPTIMIZATION_LEVEL = 0;
				GCC_PREPROCESSOR_DEFINITIONS = (
					"DEBUG=1",
					"$(inherited)",
				);
				GCC_WARN_64_TO_32_BIT_CONVERSION = YES;
				GCC_WARN_ABOUT_RETURN_TYPE = YES_ERROR;
				GCC_WARN_UNDECLARED_SELECTOR = YES;
				GCC_WARN_UNINITIALIZED_AUTOS = YES_AGGRESSIVE;
				GCC_WARN_UNUSED_FUNCTION = YES;
				GCC_WARN_UNUSED_VARIABLE = YES;
				IPHONEOS_DEPLOYMENT_TARGET = 10.3;
				MTL_ENABLE_DEBUG_INFO = YES;
				ONLY_ACTIVE_ARCH = YES;
				SDKROOT = iphoneos;
				TARGETED_DEVICE_FAMILY = "1,2";
			};
			name = Debug;
		};
		2C64A1F51EFB67D400DEF20D /* Release */ = {
			isa = XCBuildConfiguration;
			buildSettings = {
				ALWAYS_SEARCH_USER_PATHS = NO;
				CLANG_ANALYZER_NONNULL = YES;
				CLANG_ANALYZER_NUMBER_OBJECT_CONVERSION = YES_AGGRESSIVE;
				CLANG_CXX_LANGUAGE_STANDARD = "gnu++0x";
				CLANG_CXX_LIBRARY = "libc++";
				CLANG_ENABLE_MODULES = YES;
				CLANG_ENABLE_OBJC_ARC = YES;
				CLANG_WARN_BOOL_CONVERSION = YES;
				CLANG_WARN_CONSTANT_CONVERSION = YES;
				CLANG_WARN_DIRECT_OBJC_ISA_USAGE = YES_ERROR;
				CLANG_WARN_DOCUMENTATION_COMMENTS = YES;
				CLANG_WARN_EMPTY_BODY = YES;
				CLANG_WARN_ENUM_CONVERSION = YES;
				CLANG_WARN_INFINITE_RECURSION = YES;
				CLANG_WARN_INT_CONVERSION = YES;
				CLANG_WARN_OBJC_ROOT_CLASS = YES_ERROR;
				CLANG_WARN_SUSPICIOUS_MOVE = YES;
				CLANG_WARN_UNREACHABLE_CODE = YES;
				CLANG_WARN__DUPLICATE_METHOD_MATCH = YES;
				"CODE_SIGN_IDENTITY[sdk=iphoneos*]" = "iPhone Developer";
				COPY_PHASE_STRIP = NO;
				DEBUG_INFORMATION_FORMAT = "dwarf-with-dsym";
				ENABLE_NS_ASSERTIONS = NO;
				ENABLE_STRICT_OBJC_MSGSEND = YES;
				GCC_C_LANGUAGE_STANDARD = gnu99;
				GCC_NO_COMMON_BLOCKS = YES;
				GCC_WARN_64_TO_32_BIT_CONVERSION = YES;
				GCC_WARN_ABOUT_RETURN_TYPE = YES_ERROR;
				GCC_WARN_UNDECLARED_SELECTOR = YES;
				GCC_WARN_UNINITIALIZED_AUTOS = YES_AGGRESSIVE;
				GCC_WARN_UNUSED_FUNCTION = YES;
				GCC_WARN_UNUSED_VARIABLE = YES;
				IPHONEOS_DEPLOYMENT_TARGET = 10.3;
				MTL_ENABLE_DEBUG_INFO = NO;
				SDKROOT = iphoneos;
				TARGETED_DEVICE_FAMILY = "1,2";
				VALIDATE_PRODUCT = YES;
			};
			name = Release;
		};
		2C64A1F71EFB67D400DEF20D /* Debug */ = {
			isa = XCBuildConfiguration;
			buildSettings = {
				ASSETCATALOG_COMPILER_APPICON_NAME = AppIcon;
				INFOPLIST_FILE = CCTextView/Info.plist;
				IPHONEOS_DEPLOYMENT_TARGET = 8.0;
				LD_RUNPATH_SEARCH_PATHS = "$(inherited) @executable_path/Frameworks";
				PRODUCT_BUNDLE_IDENTIFIER = Halo.CCTextView;
				PRODUCT_NAME = "$(TARGET_NAME)";
			};
			name = Debug;
		};
		2C64A1F81EFB67D400DEF20D /* Release */ = {
			isa = XCBuildConfiguration;
			buildSettings = {
				ASSETCATALOG_COMPILER_APPICON_NAME = AppIcon;
				INFOPLIST_FILE = CCTextView/Info.plist;
				IPHONEOS_DEPLOYMENT_TARGET = 8.0;
				LD_RUNPATH_SEARCH_PATHS = "$(inherited) @executable_path/Frameworks";
				PRODUCT_BUNDLE_IDENTIFIER = Halo.CCTextView;
				PRODUCT_NAME = "$(TARGET_NAME)";
			};
			name = Release;
		};
		2C64A1FA1EFB67D400DEF20D /* Debug */ = {
			isa = XCBuildConfiguration;
			buildSettings = {
				BUNDLE_LOADER = "$(TEST_HOST)";
				INFOPLIST_FILE = CCTextViewTests/Info.plist;
				LD_RUNPATH_SEARCH_PATHS = "$(inherited) @executable_path/Frameworks @loader_path/Frameworks";
				PRODUCT_BUNDLE_IDENTIFIER = Halo.CCTextViewTests;
				PRODUCT_NAME = "$(TARGET_NAME)";
				TEST_HOST = "$(BUILT_PRODUCTS_DIR)/CCTextView.app/CCTextView";
			};
			name = Debug;
		};
		2C64A1FB1EFB67D400DEF20D /* Release */ = {
			isa = XCBuildConfiguration;
			buildSettings = {
				BUNDLE_LOADER = "$(TEST_HOST)";
				INFOPLIST_FILE = CCTextViewTests/Info.plist;
				LD_RUNPATH_SEARCH_PATHS = "$(inherited) @executable_path/Frameworks @loader_path/Frameworks";
				PRODUCT_BUNDLE_IDENTIFIER = Halo.CCTextViewTests;
				PRODUCT_NAME = "$(TARGET_NAME)";
				TEST_HOST = "$(BUILT_PRODUCTS_DIR)/CCTextView.app/CCTextView";
			};
			name = Release;
		};
		2C64A1FD1EFB67D400DEF20D /* Debug */ = {
			isa = XCBuildConfiguration;
			buildSettings = {
				INFOPLIST_FILE = CCTextViewUITests/Info.plist;
				LD_RUNPATH_SEARCH_PATHS = "$(inherited) @executable_path/Frameworks @loader_path/Frameworks";
				PRODUCT_BUNDLE_IDENTIFIER = Halo.CCTextViewUITests;
				PRODUCT_NAME = "$(TARGET_NAME)";
				TEST_TARGET_NAME = CCTextView;
			};
			name = Debug;
		};
		2C64A1FE1EFB67D400DEF20D /* Release */ = {
			isa = XCBuildConfiguration;
			buildSettings = {
				INFOPLIST_FILE = CCTextViewUITests/Info.plist;
				LD_RUNPATH_SEARCH_PATHS = "$(inherited) @executable_path/Frameworks @loader_path/Frameworks";
				PRODUCT_BUNDLE_IDENTIFIER = Halo.CCTextViewUITests;
				PRODUCT_NAME = "$(TARGET_NAME)";
				TEST_TARGET_NAME = CCTextView;
			};
			name = Release;
		};
/* End XCBuildConfiguration section */

/* Begin XCConfigurationList section */
		2C64A1C41EFB67D400DEF20D /* Build configuration list for PBXProject "CCTextView" */ = {
			isa = XCConfigurationList;
			buildConfigurations = (
				2C64A1F41EFB67D400DEF20D /* Debug */,
				2C64A1F51EFB67D400DEF20D /* Release */,
			);
			defaultConfigurationIsVisible = 0;
			defaultConfigurationName = Release;
		};
		2C64A1F61EFB67D400DEF20D /* Build configuration list for PBXNativeTarget "CCTextView" */ = {
			isa = XCConfigurationList;
			buildConfigurations = (
				2C64A1F71EFB67D400DEF20D /* Debug */,
				2C64A1F81EFB67D400DEF20D /* Release */,
			);
			defaultConfigurationIsVisible = 0;
		};
		2C64A1F91EFB67D400DEF20D /* Build configuration list for PBXNativeTarget "CCTextViewTests" */ = {
			isa = XCConfigurationList;
			buildConfigurations = (
				2C64A1FA1EFB67D400DEF20D /* Debug */,
				2C64A1FB1EFB67D400DEF20D /* Release */,
			);
			defaultConfigurationIsVisible = 0;
		};
		2C64A1FC1EFB67D400DEF20D /* Build configuration list for PBXNativeTarget "CCTextViewUITests" */ = {
			isa = XCConfigurationList;
			buildConfigurations = (
				2C64A1FD1EFB67D400DEF20D /* Debug */,
				2C64A1FE1EFB67D400DEF20D /* Release */,
			);
			defaultConfigurationIsVisible = 0;
		};
/* End XCConfigurationList section */
	};
	rootObject = 2C64A1C11EFB67D400DEF20D /* Project object */;
}
